
Microsoft Visual Studio Solution File, Format Version 12.00
# Visual Studio 15
VisualStudioVersion = 15.0.28010.2041
MinimumVisualStudioVersion = 10.0.40219.1
Project("{9A19103F-16F7-4668-BE54-9A1E7A4F7556}") = "ADP_HomeWork", "ADP_HomeWork\ADP_HomeWork.csproj", "{75B3C94F-9F05-49EF-AE4F-8C81D90ABF87}"
EndProject
Project("{FAE04EC0-301F-11D3-BF4B-00C04F79EFBC}") = "RemotingLibrary", "Remoting\RemotingLibrary.csproj", "{4C8A9142-BDEE-4DB7-B4E0-8ADE5C1AEA06}"
EndProject
Project("{FAE04EC0-301F-11D3-BF4B-00C04F79EFBC}") = "RemotingClient", "RemotingClient\RemotingClient.csproj", "{F65418E7-FE41-4AF5-BAE7-E6414AC5A07C}"
EndProject
Global
	GlobalSection(SolutionConfigurationPlatforms) = preSolution
		Debug|Any CPU = Debug|Any CPU
		Release|Any CPU = Release|Any CPU
	EndGlobalSection
	GlobalSection(ProjectConfigurationPlatforms) = postSolution
		{75B3C94F-9F05-49EF-AE4F-8C81D90ABF87}.Debug|Any CPU.ActiveCfg = Debug|Any CPU
		{75B3C94F-9F05-49EF-AE4F-8C81D90ABF87}.Debug|Any CPU.Build.0 = Debug|Any CPU
		{75B3C94F-9F05-49EF-AE4F-8C81D90ABF87}.Release|Any CPU.ActiveCfg = Release|Any CPU
		{75B3C94F-9F05-49EF-AE4F-8C81D90ABF87}.Release|Any CPU.Build.0 = Release|Any CPU
		{4C8A9142-BDEE-4DB7-B4E0-8ADE5C1AEA06}.Debug|Any CPU.ActiveCfg = Debug|Any CPU
		{4C8A9142-BDEE-4DB7-B4E0-8ADE5C1AEA06}.Debug|Any CPU.Build.0 = Debug|Any CPU
		{4C8A9142-BDEE-4DB7-B4E0-8ADE5C1AEA06}.Release|Any CPU.ActiveCfg = Release|Any CPU
		{4C8A9142-BDEE-4DB7-B4E0-8ADE5C1AEA06}.Release|Any CPU.Build.0 = Release|Any CPU
		{F65418E7-FE41-4AF5-BAE7-E6414AC5A07C}.Debug|Any CPU.ActiveCfg = Debug|Any CPU
		{F65418E7-FE41-4AF5-BAE7-E6414AC5A07C}.Debug|Any CPU.Build.0 = Debug|Any CPU
		{F65418E7-FE41-4AF5-BAE7-E6414AC5A07C}.Release|Any CPU.ActiveCfg = Release|Any CPU
		{F65418E7-FE41-4AF5-BAE7-E6414AC5A07C}.Release|Any CPU.Build.0 = Release|Any CPU
	EndGlobalSection
	GlobalSection(SolutionProperties) = preSolution
		HideSolutionNode = FALSE
	EndGlobalSection
	GlobalSection(ExtensibilityGlobals) = postSolution
		SolutionGuid = {9FD92376-1B66-4421-A01D-15A5ACAC15B8}
	EndGlobalSection
EndGlobal
